
Microsoft Visual Studio Solution File, Format Version 12.00
# Visual Studio Version 17
VisualStudioVersion = 17.6.33723.286
MinimumVisualStudioVersion = 10.0.40219.1
Project("{9A19103F-16F7-4668-BE54-9A1E7A4F7556}") = "RizServerConsole", "RizServerConsole\RizServerConsole.csproj", "{A5A180AC-CD6A-4742-9038-5ADA99B5DB95}"
EndProject
Project("{D954291E-2A0B-460D-934E-DC6B0785DB48}") = "RizBCSharp", "RizBCSharp\RizBCSharp.shproj", "{7D1D35D9-61B4-4EC8-9828-C976E8211D1B}"
EndProject
Project("{9A19103F-16F7-4668-BE54-9A1E7A4F7556}") = "RizServerCoreSharp", "RizServerCore\RizServerCoreSharp.csproj", "{B69F947D-542D-4AA5-8050-AC7CE012B8DD}"
EndProject
Global
	GlobalSection(SolutionConfigurationPlatforms) = preSolution
		Debug|Any CPU = Debug|Any CPU
		Release|Any CPU = Release|Any CPU
	EndGlobalSection
	GlobalSection(ProjectConfigurationPlatforms) = postSolution
		{A5A180AC-CD6A-4742-9038-5ADA99B5DB95}.Debug|Any CPU.ActiveCfg = Debug|Any CPU
		{A5A180AC-CD6A-4742-9038-5ADA99B5DB95}.Debug|Any CPU.Build.0 = Debug|Any CPU
		{A5A180AC-CD6A-4742-9038-5ADA99B5DB95}.Release|Any CPU.ActiveCfg = Release|Any CPU
		{A5A180AC-CD6A-4742-9038-5ADA99B5DB95}.Release|Any CPU.Build.0 = Release|Any CPU
		{B69F947D-542D-4AA5-8050-AC7CE012B8DD}.Debug|Any CPU.ActiveCfg = Debug|Any CPU
		{B69F947D-542D-4AA5-8050-AC7CE012B8DD}.Debug|Any CPU.Build.0 = Debug|Any CPU
		{B69F947D-542D-4AA5-8050-AC7CE012B8DD}.Release|Any CPU.ActiveCfg = Release|Any CPU
		{B69F947D-542D-4AA5-8050-AC7CE012B8DD}.Release|Any CPU.Build.0 = Release|Any CPU
	EndGlobalSection
	GlobalSection(SolutionProperties) = preSolution
		HideSolutionNode = FALSE
	EndGlobalSection
	GlobalSection(ExtensibilityGlobals) = postSolution
		SolutionGuid = {40A5E8FB-51D1-49C6-9B22-36149FD2CADD}
	EndGlobalSection
	GlobalSection(SharedMSBuildProjectFiles) = preSolution
		RizBCSharp\RizBCSharp.projitems*{7d1d35d9-61b4-4ec8-9828-c976e8211d1b}*SharedItemsImports = 13
		RizBCSharp\RizBCSharp.projitems*{b69f947d-542d-4aa5-8050-ac7ce012b8dd}*SharedItemsImports = 5
	EndGlobalSection
EndGlobal
